PODS:
  - Bolts (1.9.0):
    - Bolts/AppLinks (= 1.9.0)
    - Bolts/Tasks (= 1.9.0)
  - Bolts/AppLinks (1.9.0):
    - Bolts/Tasks
  - Bolts/Tasks (1.9.0)
  - Cosmos (18.0.1)
  - FBSDKCoreKit (4.40.0):
    - Bolts (~> 1.9)
  - FBSDKLoginKit (4.40.0):
    - FBSDKCoreKit
  - GDGauge (1.1.4)
  - GoogleMaps (3.0.2):
    - GoogleMaps/Maps (= 3.0.2)
  - GoogleMaps/Base (3.0.2)
  - GoogleMaps/Maps (3.0.2):
    - GoogleMaps/Base
  - MBCircularProgressBar (0.3.5)
  - SWRevealViewController (2.3.0)

DEPENDENCIES:
  - Cosmos
  - FBSDKLoginKit
  - GDGauge
  - GoogleMaps
  - MBCircularProgressBar
  - SWRevealViewController

SPEC REPOS:
  https://github.com/cocoapods/specs.git:
    - Bolts
    - Cosmos
    - FBSDKCoreKit
    - FBSDKLoginKit
    - GDGauge
    - GoogleMaps
    - MBCircularProgressBar
    - SWRevealViewController

SPEC CHECKSUMS:
  Bolts: ac6567323eac61e203f6a9763667d0f711be34c8
  Cosmos: 7dfaa3f52584ca5f94ab74b5c2e264019cc9f7f5
  FBSDKCoreKit: ae214474b25033399c131dc81d258e412582a2ba
  FBSDKLoginKit: 7a1e411d46acc8834588eca437daf34de42e1d52
  GDGauge: 645ee6933c6f95289e43ef93259a5788713e7010
  GoogleMaps: 941cd655e009b4d8e42df19a3d749bc3fccec973
  MBCircularProgressBar: 0b795b722a5eb5b0923822f90474e2576a1a7855
  SWRevealViewController: 6d3fd97f70112fd7cef9de14df4260eacce4c63a

PODFILE CHECKSUM: 7c9b37d10336bb5c0bc243096b0a2248cef99621

COCOAPODS: 1.5.3
